
Microsoft Visual Studio Solution File, Format Version 12.00
Project("{FAE04EC0-301F-11D3-BF4B-00C04F79EFBC}") = "DotExtensions.Tests", "DotExtensions.Tests\DotExtensions.Tests.csproj", "{53EB53FA-D30C-42E3-970D-8F47182BDC6C}"
EndProject
Project("{FAE04EC0-301F-11D3-BF4B-00C04F79EFBC}") = "AlastairLundy.DotExtensions", "AlastairLundy.DotExtensions\AlastairLundy.DotExtensions.csproj", "{55CEB0CA-33E1-4812-B9C2-DE31A486C6CA}"
EndProject
Project("{FAE04EC0-301F-11D3-BF4B-00C04F79EFBC}") = "AlastairLundy.DotExtensions.MsExtensions", "AlastairLundy.DotExtensions.MsExtensions\AlastairLundy.DotExtensions.MsExtensions.csproj", "{B041858A-4081-431B-B1BD-3DC040DFC6FB}"
EndProject
Project("{FAE04EC0-301F-11D3-BF4B-00C04F79EFBC}") = "AlastairLundy.DotExtensions.Resyslib", "DotExtensions.Resyslib\AlastairLundy.DotExtensions.Resyslib.csproj", "{0D50D50A-34B6-435C-91CE-EE39B8202A94}"
EndProject
Global
	GlobalSection(SolutionConfigurationPlatforms) = preSolution
		Debug|Any CPU = Debug|Any CPU
		Release|Any CPU = Release|Any CPU
	EndGlobalSection
	GlobalSection(ProjectConfigurationPlatforms) = postSolution
		{53EB53FA-D30C-42E3-970D-8F47182BDC6C}.Debug|Any CPU.ActiveCfg = Debug|Any CPU
		{53EB53FA-D30C-42E3-970D-8F47182BDC6C}.Debug|Any CPU.Build.0 = Debug|Any CPU
		{53EB53FA-D30C-42E3-970D-8F47182BDC6C}.Release|Any CPU.ActiveCfg = Release|Any CPU
		{53EB53FA-D30C-42E3-970D-8F47182BDC6C}.Release|Any CPU.Build.0 = Release|Any CPU
		{55CEB0CA-33E1-4812-B9C2-DE31A486C6CA}.Debug|Any CPU.ActiveCfg = Debug|Any CPU
		{55CEB0CA-33E1-4812-B9C2-DE31A486C6CA}.Debug|Any CPU.Build.0 = Debug|Any CPU
		{55CEB0CA-33E1-4812-B9C2-DE31A486C6CA}.Release|Any CPU.ActiveCfg = Release|Any CPU
		{55CEB0CA-33E1-4812-B9C2-DE31A486C6CA}.Release|Any CPU.Build.0 = Release|Any CPU
		{B041858A-4081-431B-B1BD-3DC040DFC6FB}.Debug|Any CPU.ActiveCfg = Debug|Any CPU
		{B041858A-4081-431B-B1BD-3DC040DFC6FB}.Debug|Any CPU.Build.0 = Debug|Any CPU
		{B041858A-4081-431B-B1BD-3DC040DFC6FB}.Release|Any CPU.ActiveCfg = Release|Any CPU
		{B041858A-4081-431B-B1BD-3DC040DFC6FB}.Release|Any CPU.Build.0 = Release|Any CPU
		{0D50D50A-34B6-435C-91CE-EE39B8202A94}.Debug|Any CPU.ActiveCfg = Debug|Any CPU
		{0D50D50A-34B6-435C-91CE-EE39B8202A94}.Debug|Any CPU.Build.0 = Debug|Any CPU
		{0D50D50A-34B6-435C-91CE-EE39B8202A94}.Release|Any CPU.ActiveCfg = Release|Any CPU
		{0D50D50A-34B6-435C-91CE-EE39B8202A94}.Release|Any CPU.Build.0 = Release|Any CPU
	EndGlobalSection
EndGlobal
